Microsoft Visual Studio Solution File, Format Version 12.00
# Visual Studio Version 17
VisualStudioVersion = 17.5.2.0
MinimumVisualStudioVersion = 10.0.40219.1
Project("{FAE04EC0-301F-11D3-BF4B-00C04F79EFBC}") = "searchStringApi", "searchStringApi\searchStringApi.csproj", "{F09430C8-C76C-064E-7834-32FB057FA324}"
EndProject
Global
	GlobalSection(SolutionConfigurationPlatforms) = preSolution
		Debug|Any CPU = Debug|Any CPU
		Release|Any CPU = Release|Any CPU
	EndGlobalSection
	GlobalSection(ProjectConfigurationPlatforms) = postSolution
		{F09430C8-C76C-064E-7834-32FB057FA324}.Debug|Any CPU.ActiveCfg = Debug|Any CPU
		{F09430C8-C76C-064E-7834-32FB057FA324}.Debug|Any CPU.Build.0 = Debug|Any CPU
		{F09430C8-C76C-064E-7834-32FB057FA324}.Release|Any CPU.ActiveCfg = Release|Any CPU
		{F09430C8-C76C-064E-7834-32FB057FA324}.Release|Any CPU.Build.0 = Release|Any CPU
	EndGlobalSection
	GlobalSection(SolutionProperties) = preSolution
		HideSolutionNode = FALSE
	EndGlobalSection
	GlobalSection(ExtensibilityGlobals) = postSolution
		SolutionGuid = {1B491AD3-1BBC-4D24-9BAD-119383329F53}
	EndGlobalSection
EndGlobal
